captured_at: '2026-05-08T00:02:46.970466Z'
captured_by: novafabric/0.2.0
hardware:
  cuda_version: null
  cudnn_version: null
  gpus: []
  nccl_version: null
  rocm_version: null
host:
  arch: x86_64
  cpu_count: 20
  hostname: sha256:6a3cb155dc28d909
  memory_bytes: 33281683456
  os: linux
locale:
  lang: en_US.UTF-8
  lc_all: null
  tz: UTC
mode: deterministic
python:
  executable_path: ~/scratch/novafabric/.claude/worktrees/feat+v0.2-capture/.venv/bin/python3
  installed_packages:
  - name: annotated-types
    source: pypi
    version: 0.7.0
  - name: pluggy
    source: pypi
    version: 1.6.0
  - name: mypy_extensions
    source: pypi
    version: 1.1.0
  - name: ruff
    source: pypi
    version: 0.15.12
  - name: referencing
    source: pypi
    version: 0.37.0
  - name: importlib_metadata
    source: pypi
    version: 8.7.1
  - name: Pygments
    source: pypi
    version: 2.20.0
  - name: PyYAML
    source: pypi
    version: 6.0.3
  - name: packaging
    source: pypi
    version: '26.2'
  - name: opentelemetry-semantic-conventions
    source: pypi
    version: 0.62b1
  - name: opentelemetry-api
    source: pypi
    version: 1.41.1
  - name: httpx
    source: pypi
    version: 0.28.1
  - name: typing_extensions
    source: pypi
    version: 4.15.0
  - name: iniconfig
    source: pypi
    version: 2.3.0
  - name: jsonschema
    source: pypi
    version: 4.26.0
  - name: python-ulid
    source: pypi
    version: 3.1.0
  - name: mdurl
    source: pypi
    version: 0.1.2
  - name: types-PyYAML
    source: pypi
    version: 6.0.12.20260408
  - name: anyio
    source: pypi
    version: 4.13.0
  - name: jsonschema-specifications
    source: pypi
    version: 2025.9.1
  - name: annotated-doc
    source: pypi
    version: 0.0.4
  - name: certifi
    source: pypi
    version: 2026.4.22
  - name: zipp
    source: pypi
    version: 3.23.1
  - name: markdown-it-py
    source: pypi
    version: 4.1.0
  - name: pathspec
    source: pypi
    version: 1.1.1
  - name: shellingham
    source: pypi
    version: 1.5.4
  - name: idna
    source: pypi
    version: '3.13'
  - name: h11
    source: pypi
    version: 0.16.0
  - name: httpcore
    source: pypi
    version: 1.0.9
  - name: rich
    source: pypi
    version: 15.0.0
  - name: pytest-cov
    source: pypi
    version: 7.1.0
  - name: click
    source: pypi
    version: 8.3.3
  - name: typing-inspection
    source: pypi
    version: 0.4.2
  - name: mypy
    source: pypi
    version: 1.20.2
  - name: attrs
    source: pypi
    version: 26.1.0
  - name: pydantic
    source: pypi
    version: 2.13.4
  - name: typer
    source: pypi
    version: 0.25.1
  - name: coverage
    source: pypi
    version: 7.13.5
  - name: librt
    source: pypi
    version: 0.10.0
  - name: Jinja2
    source: pypi
    version: 3.1.6
  - name: pydantic_core
    source: pypi
    version: 2.46.4
  - name: MarkupSafe
    source: pypi
    version: 3.0.3
  - name: opentelemetry-sdk
    source: pypi
    version: 1.41.1
  - name: rpds-py
    source: pypi
    version: 0.30.0
  - name: pytest
    source: pypi
    version: 9.0.3
  - name: novafabric
    source: pypi
    version: 0.1.1
  interpreter: cpython
  lock_file_hash: sha256:4f587b9758156bcff1a49a48cb89630aa15a49fa3344bed0d8db72070e38fee1
  lock_file_kind: uv.lock
  lock_file_ref: null
  package_manager: uv
  version: 3.12.3
runtime:
  timezone: UTC
  wallclock_at_start: '2026-05-08T00:02:46.970466Z'
runtime_env:
  allow_list:
  - LANG
  - LC_
  - TZ
  - PATH
  - VIRTUAL_ENV
  - PYTHONPATH
  - HOME
  - USER
  - SHELL
  deny_list:
  - (?i).*api[_-]?key.*
  - (?i).*secret.*
  - (?i).*token.*
  - (?i).*password.*
  - (?i).*auth.*
  - (?i).*credential.*
  dropped_count: 4
  dropped_keys_hashed:
  - sha256:2f09cc36390036bed2f90b6d502251b4b9fa657ca0abbd50258b697e581c83a7
  - sha256:c89e068a37222f886c216a3cbf60d8390551813395a15c1a14e574c0201e7666
  - sha256:aba866333d7cc4bddd9352cba1fe56b4270e24c0f265d7ba814055aa6176cbc3
  - sha256:a92549304b641b4bd362f6ede1c3b9bb6bedb634b4736d3fd51c93def70f0d01
  policy: default
  recorded:
    HOME: /home/demo
    LANG: en_US.UTF-8
    PATH: /home/demo/.local/bin:/usr/local/sbin:/usr/local/bin:/usr/sbin:/usr/bin:/sbin:/bin
    SHELL: /bin/bash
    USER: demo
    USERNAME: demo
schema_version: 0.1.0
